{
  "schema_version": 1,
  "cargo_lock_sha256": "a64ee6a93767ba9a4e85ea8ba471e44c571442717da2d7cf3811cc572b7b80ba",
  "target_resolves": {
    "base": {
      "autocfg-1.5.0": {
        "runtime_dependencies": [],
        "build_dependencies": [],
        "features": []
      },
      "chrono-0.4.44": {
        "runtime_dependencies": [
          {
            "name": "iana_time_zone",
            "package_key": "iana-time-zone-0.1.65",
            "kind": "normal",
            "features": [],
            "uses_default_features": true,
            "optional": false,
            "target": "cfg(unix)",
            "tree": "target"
          },
          {
            "name": "num_traits",
            "package_key": "num-traits-0.2.19",
            "kind": "normal",
            "features": [],
            "uses_default_features": true,
            "optional": false,
            "target": null,
            "tree": "target"
          },
          {
            "name": "serde",
            "package_key": "serde-1.0.228",
            "kind": "normal",
            "features": [],
            "uses_default_features": false,
            "optional": true,
            "target": null,
            "tree": "target"
          }
        ],
        "build_dependencies": [],
        "features": [
          "alloc",
          "clock",
          "default",
          "iana-time-zone",
          "js-sys",
          "now",
          "oldtime",
          "serde",
          "std",
          "wasm-bindgen",
          "wasmbind",
          "winapi",
          "windows-link"
        ]
      },
      "drill-core-0.1.0": {
        "runtime_dependencies": [
          {
            "name": "chrono",
            "package_key": "chrono-0.4.44",
            "kind": "normal",
            "features": [
              "serde"
            ],
            "uses_default_features": true,
            "optional": false,
            "target": null,
            "tree": "target"
          },
          {
            "name": "serde",
            "package_key": "serde-1.0.228",
            "kind": "normal",
            "features": [
              "derive"
            ],
            "uses_default_features": true,
            "optional": false,
            "target": null,
            "tree": "target"
          },
          {
            "name": "serde_json",
            "package_key": "serde_json-1.0.149",
            "kind": "normal",
            "features": [],
            "uses_default_features": true,
            "optional": false,
            "target": null,
            "tree": "target"
          }
        ],
        "build_dependencies": [],
        "features": []
      },
      "itoa-1.0.18": {
        "runtime_dependencies": [],
        "build_dependencies": [],
        "features": []
      },
      "memchr-2.8.0": {
        "runtime_dependencies": [],
        "build_dependencies": [],
        "features": [
          "alloc",
          "std"
        ]
      },
      "num-traits-0.2.19": {
        "runtime_dependencies": [],
        "build_dependencies": [
          {
            "name": "autocfg",
            "package_key": "autocfg-1.5.0",
            "kind": "build",
            "features": [],
            "uses_default_features": true,
            "optional": false,
            "target": null,
            "tree": "host"
          }
        ],
        "features": []
      },
      "proc-macro2-1.0.106": {
        "runtime_dependencies": [
          {
            "name": "unicode_ident",
            "package_key": "unicode-ident-1.0.24",
            "kind": "normal",
            "features": [],
            "uses_default_features": true,
            "optional": false,
            "target": null,
            "tree": "target"
          }
        ],
        "build_dependencies": [],
        "features": [
          "default",
          "proc-macro"
        ]
      },
      "quote-1.0.45": {
        "runtime_dependencies": [
          {
            "name": "proc_macro2",
            "package_key": "proc-macro2-1.0.106",
            "kind": "normal",
            "features": [],
            "uses_default_features": true,
            "optional": false,
            "target": null,
            "tree": "target"
          }
        ],
        "build_dependencies": [],
        "features": [
          "default",
          "proc-macro"
        ]
      },
      "serde-1.0.228": {
        "runtime_dependencies": [
          {
            "name": "serde_core",
            "package_key": "serde_core-1.0.228",
            "kind": "normal",
            "features": [
              "result"
            ],
            "uses_default_features": false,
            "optional": false,
            "target": null,
            "tree": "target"
          },
          {
            "name": "serde_derive",
            "package_key": "serde_derive-1.0.228",
            "kind": "normal",
            "features": [],
            "uses_default_features": true,
            "optional": true,
            "target": null,
            "tree": "host"
          }
        ],
        "build_dependencies": [],
        "features": [
          "default",
          "derive",
          "serde_derive",
          "std"
        ]
      },
      "serde_core-1.0.228": {
        "runtime_dependencies": [],
        "build_dependencies": [],
        "features": [
          "result",
          "std"
        ]
      },
      "serde_derive-1.0.228": {
        "runtime_dependencies": [
          {
            "name": "proc_macro2",
            "package_key": "proc-macro2-1.0.106",
            "kind": "normal",
            "features": [],
            "uses_default_features": true,
            "optional": false,
            "target": null,
            "tree": "target"
          },
          {
            "name": "quote",
            "package_key": "quote-1.0.45",
            "kind": "normal",
            "features": [
              "proc-macro"
            ],
            "uses_default_features": false,
            "optional": false,
            "target": null,
            "tree": "target"
          },
          {
            "name": "syn",
            "package_key": "syn-2.0.117",
            "kind": "normal",
            "features": [
              "clone-impls",
              "derive",
              "parsing",
              "printing",
              "proc-macro"
            ],
            "uses_default_features": false,
            "optional": false,
            "target": null,
            "tree": "target"
          }
        ],
        "build_dependencies": [],
        "features": [
          "default"
        ]
      },
      "serde_json-1.0.149": {
        "runtime_dependencies": [
          {
            "name": "itoa",
            "package_key": "itoa-1.0.18",
            "kind": "normal",
            "features": [],
            "uses_default_features": true,
            "optional": false,
            "target": null,
            "tree": "target"
          },
          {
            "name": "memchr",
            "package_key": "memchr-2.8.0",
            "kind": "normal",
            "features": [],
            "uses_default_features": false,
            "optional": false,
            "target": null,
            "tree": "target"
          },
          {
            "name": "serde_core",
            "package_key": "serde_core-1.0.228",
            "kind": "normal",
            "features": [],
            "uses_default_features": false,
            "optional": false,
            "target": null,
            "tree": "target"
          },
          {
            "name": "zmij",
            "package_key": "zmij-1.0.21",
            "kind": "normal",
            "features": [],
            "uses_default_features": true,
            "optional": false,
            "target": null,
            "tree": "target"
          }
        ],
        "build_dependencies": [],
        "features": [
          "default",
          "std"
        ]
      },
      "syn-2.0.117": {
        "runtime_dependencies": [
          {
            "name": "proc_macro2",
            "package_key": "proc-macro2-1.0.106",
            "kind": "normal",
            "features": [],
            "uses_default_features": true,
            "optional": false,
            "target": null,
            "tree": "target"
          },
          {
            "name": "quote",
            "package_key": "quote-1.0.45",
            "kind": "normal",
            "features": [],
            "uses_default_features": false,
            "optional": true,
            "target": null,
            "tree": "target"
          },
          {
            "name": "unicode_ident",
            "package_key": "unicode-ident-1.0.24",
            "kind": "normal",
            "features": [],
            "uses_default_features": true,
            "optional": false,
            "target": null,
            "tree": "target"
          }
        ],
        "build_dependencies": [],
        "features": [
          "clone-impls",
          "default",
          "derive",
          "extra-traits",
          "full",
          "parsing",
          "printing",
          "proc-macro",
          "visit",
          "visit-mut"
        ]
      },
      "unicode-ident-1.0.24": {
        "runtime_dependencies": [],
        "build_dependencies": [],
        "features": []
      },
      "zmij-1.0.21": {
        "runtime_dependencies": [],
        "build_dependencies": [],
        "features": []
      }
    },
    "targets": {
      "aarch64-apple-darwin": {
        "overrides": {
          "core-foundation-sys-0.8.7": {
            "runtime_dependencies": [],
            "build_dependencies": [],
            "features": [
              "default",
              "link"
            ]
          },
          "iana-time-zone-0.1.65": {
            "runtime_dependencies": [
              {
                "name": "core_foundation_sys",
                "package_key": "core-foundation-sys-0.8.7",
                "kind": "normal",
                "features": [],
                "uses_default_features": true,
                "optional": false,
                "target": "cfg(target_vendor = \"apple\")",
                "tree": "target"
              }
            ],
            "build_dependencies": [],
            "features": [
              "fallback"
            ]
          }
        }
      },
      "x86_64-apple-darwin": {
        "overrides": {
          "core-foundation-sys-0.8.7": {
            "runtime_dependencies": [],
            "build_dependencies": [],
            "features": [
              "default",
              "link"
            ]
          },
          "iana-time-zone-0.1.65": {
            "runtime_dependencies": [
              {
                "name": "core_foundation_sys",
                "package_key": "core-foundation-sys-0.8.7",
                "kind": "normal",
                "features": [],
                "uses_default_features": true,
                "optional": false,
                "target": "cfg(target_vendor = \"apple\")",
                "tree": "target"
              }
            ],
            "build_dependencies": [],
            "features": [
              "fallback"
            ]
          }
        }
      },
      "x86_64-unknown-linux-gnu": {
        "overrides": {
          "iana-time-zone-0.1.65": {
            "runtime_dependencies": [],
            "build_dependencies": [],
            "features": [
              "fallback"
            ]
          }
        }
      },
      "x86_64-unknown-linux-musl": {
        "overrides": {
          "iana-time-zone-0.1.65": {
            "runtime_dependencies": [],
            "build_dependencies": [],
            "features": [
              "fallback"
            ]
          }
        }
      },
      "aarch64-unknown-linux-gnu": {
        "overrides": {
          "iana-time-zone-0.1.65": {
            "runtime_dependencies": [],
            "build_dependencies": [],
            "features": [
              "fallback"
            ]
          }
        }
      },
      "aarch64-unknown-linux-musl": {
        "overrides": {
          "iana-time-zone-0.1.65": {
            "runtime_dependencies": [],
            "build_dependencies": [],
            "features": [
              "fallback"
            ]
          }
        }
      }
    }
  },
  "per_crate": {
    "autocfg-1.5.0": {
      "edition": "2015"
    },
    "chrono-0.4.44": {
      "edition": "2021"
    },
    "core-foundation-sys-0.8.7": {
      "edition": "2018"
    },
    "drill-core-0.1.0": {
      "edition": "2024",
      "lib_target": {
        "name": "drill_core",
        "path": "src/lib.rs"
      }
    },
    "iana-time-zone-0.1.65": {
      "edition": "2021"
    },
    "itoa-1.0.18": {
      "edition": "2021"
    },
    "memchr-2.8.0": {
      "edition": "2021"
    },
    "num-traits-0.2.19": {
      "edition": "2021",
      "build_script": "build.rs"
    },
    "proc-macro2-1.0.106": {
      "edition": "2021",
      "build_script": "build.rs"
    },
    "quote-1.0.45": {
      "edition": "2021",
      "build_script": "build.rs"
    },
    "serde-1.0.228": {
      "edition": "2021",
      "build_script": "build.rs"
    },
    "serde_core-1.0.228": {
      "edition": "2021",
      "build_script": "build.rs"
    },
    "serde_derive-1.0.228": {
      "edition": "2021",
      "proc_macro": true
    },
    "serde_json-1.0.149": {
      "edition": "2021",
      "build_script": "build.rs"
    },
    "syn-2.0.117": {
      "edition": "2021"
    },
    "unicode-ident-1.0.24": {
      "edition": "2021"
    },
    "zmij-1.0.21": {
      "edition": "2021",
      "build_script": "build.rs"
    }
  },
  "git_nar_sha256": {},
  "flake_metadata": {}
}
